# THIS IS AN AUTOGENERATED FILE. DO NOT EDIT THIS FILE DIRECTLY.
# yarn lockfile v1


bootstrap@^4.3.1:
  version "4.3.1"
  resolved "https://registry.npm.taobao.org/bootstrap/download/bootstrap-4.3.1.tgz#280ca8f610504d99d7b6b4bfc4b68cec601704ac"
  integrity sha1-KAyo9hBQTZnXtrS/xLaM7GAXBKw=

jquery@^3.4.1:
  version "3.4.1"
  resolved "https://registry.npm.taobao.org/jquery/download/jquery-3.4.1.tgz#714f1f8d9dde4bdfa55764ba37ef214630d80ef2"
  integrity sha1-cU8fjZ3eS9+lV2S6N+8hRjDYDvI=

popper.js@^1.15.0:
  version "1.15.0"
  resolved "https://registry.npm.taobao.org/popper.js/download/popper.js-1.15.0.tgz#5560b99bbad7647e9faa475c6b8056621f5a4ff2"
  integrity sha1-VWC5m7rXZH6fqkdca4BWYh9aT/I=
